// !$*UTF8*$!
{
	archiveVersion = 1;
	classes = {
	};
	objectVersion = 90;
	objects = {

/* Begin PBXBuildFile section */
		3B34CCBC2869FE3800B76AE6 /* Theme.swift in Sources */ = {isa = PBXBuildFile; fileRef = 3B34CCBB2869FE3800B76AE6 /* Theme.swift */; };
		3B402A132E15B1D600EB9ACE /* CustomGameView.swift in Sources */ = {isa = PBXBuildFile; fileRef = 3B402A122E15B1D600EB9ACE /* CustomGameView.swift */; };
		3B48305A2842C76F0060FCFD /* NumberDisplay.swift in Sources */ = {isa = PBXBuildFile; fileRef = 3B4830592842C76F0060FCFD /* NumberDisplay.swift */; };
		3B48DBCD2AD2060D00E54243 /* ThemeCellView.swift in Sources */ = {isa = PBXBuildFile; fileRef = 3B48DBCC2AD2060D00E54243 /* ThemeCellView.swift */; };
		3B5AB53C27F96F710059BB0A /* AppDelegate.swift in Sources */ = {isa = PBXBuildFile; fileRef = 3B5AB53B27F96F710059BB0A /* AppDelegate.swift */; };
		3B5AB54227F96F710059BB0A /* GameScene.swift in Sources */ = {isa = PBXBuildFile; fileRef = 3B5AB54127F96F710059BB0A /* GameScene.swift */; };
		3B5AB54427F96F710059BB0A /* ViewController.swift in Sources */ = {isa = PBXBuildFile; fileRef = 3B5AB54327F96F710059BB0A /* ViewController.swift */; };
		3B5AB54627F96F720059BB0A /* Assets.xcassets in Resources */ = {isa = PBXBuildFile; fileRef = 3B5AB54527F96F720059BB0A /* Assets.xcassets */; };
		3B5AB54927F96F720059BB0A /* Main.storyboard in Resources */ = {isa = PBXBuildFile; fileRef = 3B5AB54727F96F720059BB0A /* Main.storyboard */; };
		3B5AB55327F970D30059BB0A /* Board.swift in Sources */ = {isa = PBXBuildFile; fileRef = 3B5AB55227F970D30059BB0A /* Board.swift */; };
		3B5AB55527F974AE0059BB0A /* Tile.swift in Sources */ = {isa = PBXBuildFile; fileRef = 3B5AB55427F974AE0059BB0A /* Tile.swift */; };
		3B5AB55B27F9789C0059BB0A /* SpriteSheet.swift in Sources */ = {isa = PBXBuildFile; fileRef = 3B5AB55A27F9789C0059BB0A /* SpriteSheet.swift */; };
		3B5B08262E0A362F0067FAE5 /* MainButton.swift in Sources */ = {isa = PBXBuildFile; fileRef = 3B5B08252E0A362F0067FAE5 /* MainButton.swift */; };
		3B5B08282E0B18010067FAE5 /* ThemeManager.swift in Sources */ = {isa = PBXBuildFile; fileRef = 3B5B08272E0B18010067FAE5 /* ThemeManager.swift */; };
		3B5B082A2E0B1F060067FAE5 /* Defaults.swift in Sources */ = {isa = PBXBuildFile; fileRef = 3B5B08292E0B1F060067FAE5 /* Defaults.swift */; };
		3B5B082D2E0B40EE0067FAE5 /* Notifications.swift in Sources */ = {isa = PBXBuildFile; fileRef = 3B5B082C2E0B40EE0067FAE5 /* Notifications.swift */; };
		3B5B1CB12E0729A600A84348 /* Borders.swift in Sources */ = {isa = PBXBuildFile; fileRef = 3B5B1CB02E0729A600A84348 /* Borders.swift */; };
		3B6AB6A52C03FA4000297AA8 /* Stats.swift in Sources */ = {isa = PBXBuildFile; fileRef = 3B6AB6A42C03FA4000297AA8 /* Stats.swift */; };
		3B88CEA42800EEA8008C84E2 /* GameTimer.swift in Sources */ = {isa = PBXBuildFile; fileRef = 3B88CEA32800EEA8008C84E2 /* GameTimer.swift */; };
		3B88CEA628023695008C84E2 /* MineCounter.swift in Sources */ = {isa = PBXBuildFile; fileRef = 3B88CEA528023695008C84E2 /* MineCounter.swift */; };
		3B9DF10928971939007CADA6 /* Sparkle in Frameworks */ = {isa = PBXBuildFile; productRef = 3B9DF10828971939007CADA6 /* Sparkle */; };
		3B9DF118289DBF0C007CADA6 /* StatsViewController.swift in Sources */ = {isa = PBXBuildFile; fileRef = 3B9DF117289DBF0C007CADA6 /* StatsViewController.swift */; };
		3BB04F042AA3F01A00893F21 /* Defaults in Frameworks */ = {isa = PBXBuildFile; productRef = 3BB04F032AA3F01A00893F21 /* Defaults */; };
		3BD95C782B8D99AA00D9BC3B /* Credits.rtf in Resources */ = {isa = PBXBuildFile; fileRef = 3BD95C772B8D99AA00D9BC3B /* Credits.rtf */; };
		3BF1A7642856F7CB00566000 /* GameScene+Input.swift in Sources */ = {isa = PBXBuildFile; fileRef = 3BF1A7632856F7CB00566000 /* GameScene+Input.swift */; };
		3BF1A78A285ED78F00566000 /* GeneralViewController.swift in Sources */ = {isa = PBXBuildFile; fileRef = 3BF1A789285ED78F00566000 /* GeneralViewController.swift */; };
		3BF1A78E285ED7BE00566000 /* ThemesViewController.swift in Sources */ = {isa = PBXBuildFile; fileRef = 3BF1A78C285ED7BE00566000 /* ThemesViewController.swift */; };
		3BF1A791285ED7CF00566000 /* BindingsViewController.swift in Sources */ = {isa = PBXBuildFile; fileRef = 3BF1A790285ED7CF00566000 /* BindingsViewController.swift */; };
		3BF1A7CE2866AAD600566000 /* WindowController.swift in Sources */ = {isa = PBXBuildFile; fileRef = 3BF1A7CD2866AAD600566000 /* WindowController.swift */; };
		3BF1D9B02BC0E5A70005200A /* Collections in Frameworks */ = {isa = PBXBuildFile; productRef = 3BF1D9AF2BC0E5A70005200A /* Collections */; };
/* End PBXBuildFile section */

/* Begin PBXFileReference section */
		3B34CCBB2869FE3800B76AE6 /* Theme.swift */ = {isa = PBXFileReference; lastKnownFileType = sourcecode.swift; path = Theme.swift; sourceTree = "<group>"; };
		3B402A122E15B1D600EB9ACE /* CustomGameView.swift */ = {isa = PBXFileReference; lastKnownFileType = sourcecode.swift; path = CustomGameView.swift; sourceTree = "<group>"; };
		3B4830592842C76F0060FCFD /* NumberDisplay.swift */ = {isa = PBXFileReference; lastKnownFileType = sourcecode.swift; path = NumberDisplay.swift; sourceTree = "<group>"; };
		3B48DBCC2AD2060D00E54243 /* ThemeCellView.swift */ = {isa = PBXFileReference; lastKnownFileType = sourcecode.swift; path = ThemeCellView.swift; sourceTree = "<group>"; };
		3B5AB53827F96F710059BB0A /* Minesweeper.app */ = {isa = PBXFileReference; explicitFileType = wrapper.application; includeInIndex = 0; path = Minesweeper.app; sourceTree = BUILT_PRODUCTS_DIR; };
		3B5AB53B27F96F710059BB0A /* AppDelegate.swift */ = {isa = PBXFileReference; lastKnownFileType = sourcecode.swift; path = AppDelegate.swift; sourceTree = "<group>"; };
		3B5AB54127F96F710059BB0A /* GameScene.swift */ = {isa = PBXFileReference; lastKnownFileType = sourcecode.swift; path = GameScene.swift; sourceTree = "<group>"; };
		3B5AB54327F96F710059BB0A /* ViewController.swift */ = {isa = PBXFileReference; lastKnownFileType = sourcecode.swift; path = ViewController.swift; sourceTree = "<group>"; };
		3B5AB54527F96F720059BB0A /* Assets.xcassets */ = {isa = PBXFileReference; lastKnownFileType = folder.assetcatalog; path = Assets.xcassets; sourceTree = "<group>"; };
		3B5AB54827F96F720059BB0A /* Base */ = {isa = PBXFileReference; lastKnownFileType = file.storyboard; name = Base; path = Base.lproj/Main.storyboard; sourceTree = "<group>"; };
		3B5AB54A27F96F720059BB0A /* Minesweeper.entitlements */ = {isa = PBXFileReference; lastKnownFileType = text.plist.entitlements; path = Minesweeper.entitlements; sourceTree = "<group>"; };
		3B5AB55227F970D30059BB0A /* Board.swift */ = {isa = PBXFileReference; lastKnownFileType = sourcecode.swift; path = Board.swift; sourceTree = "<group>"; };
		3B5AB55427F974AE0059BB0A /* Tile.swift */ = {isa = PBXFileReference; lastKnownFileType = sourcecode.swift; path = Tile.swift; sourceTree = "<group>"; };
		3B5AB55A27F9789C0059BB0A /* SpriteSheet.swift */ = {isa = PBXFileReference; lastKnownFileType = sourcecode.swift; path = SpriteSheet.swift; sourceTree = "<group>"; };
		3B5B08252E0A362F0067FAE5 /* MainButton.swift */ = {isa = PBXFileReference; lastKnownFileType = sourcecode.swift; path = MainButton.swift; sourceTree = "<group>"; };
		3B5B08272E0B18010067FAE5 /* ThemeManager.swift */ = {isa = PBXFileReference; lastKnownFileType = sourcecode.swift; path = ThemeManager.swift; sourceTree = "<group>"; };
		3B5B08292E0B1F060067FAE5 /* Defaults.swift */ = {isa = PBXFileReference; lastKnownFileType = sourcecode.swift; path = Defaults.swift; sourceTree = "<group>"; };
		3B5B082C2E0B40EE0067FAE5 /* Notifications.swift */ = {isa = PBXFileReference; lastKnownFileType = sourcecode.swift; path = Notifications.swift; sourceTree = "<group>"; };
		3B5B1CB02E0729A600A84348 /* Borders.swift */ = {isa = PBXFileReference; lastKnownFileType = sourcecode.swift; path = Borders.swift; sourceTree = "<group>"; };
		3B6AB6A42C03FA4000297AA8 /* Stats.swift */ = {isa = PBXFileReference; lastKnownFileType = sourcecode.swift; path = Stats.swift; sourceTree = "<group>"; };
		3B88CEA32800EEA8008C84E2 /* GameTimer.swift */ = {isa = PBXFileReference; lastKnownFileType = sourcecode.swift; path = GameTimer.swift; sourceTree = "<group>"; };
		3B88CEA528023695008C84E2 /* MineCounter.swift */ = {isa = PBXFileReference; lastKnownFileType = sourcecode.swift; path = MineCounter.swift; sourceTree = "<group>"; };
		3B9DF117289DBF0C007CADA6 /* StatsViewController.swift */ = {isa = PBXFileReference; lastKnownFileType = sourcecode.swift; path = StatsViewController.swift; sourceTree = "<group>"; };
		3BB6CA15290DE6F2009F339D /* README.md */ = {isa = PBXFileReference; lastKnownFileType = net.daringfireball.markdown; path = README.md; sourceTree = "<group>"; };
		3BD95C772B8D99AA00D9BC3B /* Credits.rtf */ = {isa = PBXFileReference; lastKnownFileType = text.rtf; path = Credits.rtf; sourceTree = "<group>"; };
		3BF1A7632856F7CB00566000 /* GameScene+Input.swift */ = {isa = PBXFileReference; lastKnownFileType = sourcecode.swift; path = "GameScene+Input.swift"; sourceTree = "<group>"; };
		3BF1A789285ED78F00566000 /* GeneralViewController.swift */ = {isa = PBXFileReference; lastKnownFileType = sourcecode.swift; path = GeneralViewController.swift; sourceTree = "<group>"; };
		3BF1A78C285ED7BE00566000 /* ThemesViewController.swift */ = {isa = PBXFileReference; lastKnownFileType = sourcecode.swift; path = ThemesViewController.swift; sourceTree = "<group>"; };
		3BF1A790285ED7CF00566000 /* BindingsViewController.swift */ = {isa = PBXFileReference; lastKnownFileType = sourcecode.swift; path = BindingsViewController.swift; sourceTree = "<group>"; };
		3BF1A7CD2866AAD600566000 /* WindowController.swift */ = {isa = PBXFileReference; lastKnownFileType = sourcecode.swift; path = WindowController.swift; sourceTree = "<group>"; };
/* End PBXFileReference section */

/* Begin PBXFrameworksBuildPhase section */
		3B5AB53527F96F710059BB0A /* Frameworks */ = {
			isa = PBXFrameworksBuildPhase;
			files = (
				3BF1D9B02BC0E5A70005200A /* Collections in Frameworks */,
				3BB04F042AA3F01A00893F21 /* Defaults in Frameworks */,
				3B9DF10928971939007CADA6 /* Sparkle in Frameworks */,
			);
		};
/* End PBXFrameworksBuildPhase section */

/* Begin PBXGroup section */
		3B1BDB04286BBDD000A36569 /* Stats */ = {
			isa = PBXGroup;
			children = (
				3B6AB6A42C03FA4000297AA8 /* Stats.swift */,
				3B9DF117289DBF0C007CADA6 /* StatsViewController.swift */,
			);
			path = Stats;
			sourceTree = "<group>";
		};
		3B5AB52F27F96F710059BB0A = {
			isa = PBXGroup;
			children = (
				3BB6CA15290DE6F2009F339D /* README.md */,
				3B5AB53A27F96F710059BB0A /* Minesweeper */,
				3B5AB53927F96F710059BB0A /* Products */,
			);
			sourceTree = "<group>";
		};
		3B5AB53927F96F710059BB0A /* Products */ = {
			isa = PBXGroup;
			children = (
				3B5AB53827F96F710059BB0A /* Minesweeper.app */,
			);
			name = Products;
			sourceTree = "<group>";
		};
		3B5AB53A27F96F710059BB0A /* Minesweeper */ = {
			isa = PBXGroup;
			children = (
				3B5AB53B27F96F710059BB0A /* AppDelegate.swift */,
				3BF1A7CD2866AAD600566000 /* WindowController.swift */,
				3B5AB54327F96F710059BB0A /* ViewController.swift */,
				3B402A122E15B1D600EB9ACE /* CustomGameView.swift */,
				3B5B08242E0A352D0067FAE5 /* Game */,
				3B9DF114289DBBE1007CADA6 /* Number Displays */,
				3B1BDB04286BBDD000A36569 /* Stats */,
				3BF1A78B285ED79900566000 /* Settings */,
				3B5B082B2E0B21E00067FAE5 /* Themes */,
				3B5B08292E0B1F060067FAE5 /* Defaults.swift */,
				3B5B082C2E0B40EE0067FAE5 /* Notifications.swift */,
				3B5AB54527F96F720059BB0A /* Assets.xcassets */,
				3B5AB54727F96F720059BB0A /* Main.storyboard */,
				3BD95C772B8D99AA00D9BC3B /* Credits.rtf */,
				3B5AB54A27F96F720059BB0A /* Minesweeper.entitlements */,
			);
			path = Minesweeper;
			sourceTree = "<group>";
		};
		3B5B08242E0A352D0067FAE5 /* Game */ = {
			isa = PBXGroup;
			children = (
				3B5AB54127F96F710059BB0A /* GameScene.swift */,
				3BF1A7632856F7CB00566000 /* GameScene+Input.swift */,
				3B5AB55227F970D30059BB0A /* Board.swift */,
				3B5B1CB02E0729A600A84348 /* Borders.swift */,
				3B5B08252E0A362F0067FAE5 /* MainButton.swift */,
				3B5AB55427F974AE0059BB0A /* Tile.swift */,
			);
			path = Game;
			sourceTree = "<group>";
		};
		3B5B082B2E0B21E00067FAE5 /* Themes */ = {
			isa = PBXGroup;
			children = (
				3B34CCBB2869FE3800B76AE6 /* Theme.swift */,
				3B5B08272E0B18010067FAE5 /* ThemeManager.swift */,
				3B5AB55A27F9789C0059BB0A /* SpriteSheet.swift */,
			);
			path = Themes;
			sourceTree = "<group>";
		};
		3B9DF114289DBBE1007CADA6 /* Number Displays */ = {
			isa = PBXGroup;
			children = (
				3B4830592842C76F0060FCFD /* NumberDisplay.swift */,
				3B88CEA528023695008C84E2 /* MineCounter.swift */,
				3B88CEA32800EEA8008C84E2 /* GameTimer.swift */,
			);
			path = "Number Displays";
			sourceTree = "<group>";
		};
		3BF1A78B285ED79900566000 /* Settings */ = {
			isa = PBXGroup;
			children = (
				3BF1A789285ED78F00566000 /* GeneralViewController.swift */,
				3BF1A78C285ED7BE00566000 /* ThemesViewController.swift */,
				3B48DBCC2AD2060D00E54243 /* ThemeCellView.swift */,
				3BF1A790285ED7CF00566000 /* BindingsViewController.swift */,
			);
			path = Settings;
			sourceTree = "<group>";
		};
/* End PBXGroup section */

/* Begin PBXNativeTarget section */
		3B5AB53727F96F710059BB0A /* Minesweeper */ = {
			isa = PBXNativeTarget;
			buildConfigurationList = 3B5AB54D27F96F720059BB0A /* Build configuration list for PBXNativeTarget "Minesweeper" */;
			buildPhases = (
				3B5AB53427F96F710059BB0A /* Sources */,
				3B5AB53527F96F710059BB0A /* Frameworks */,
				3B5AB53627F96F710059BB0A /* Resources */,
			);
			buildRules = (
			);
			name = Minesweeper;
			packageProductDependencies = (
				3B9DF10828971939007CADA6 /* Sparkle */,
				3BB04F032AA3F01A00893F21 /* Defaults */,
				3BF1D9AF2BC0E5A70005200A /* Collections */,
			);
			productName = Minesweeper;
			productReference = 3B5AB53827F96F710059BB0A /* Minesweeper.app */;
			productType = "com.apple.product-type.application";
		};
/* End PBXNativeTarget section */

/* Begin PBXProject section */
		3B5AB53027F96F710059BB0A /* Project object */ = {
			isa = PBXProject;
			attributes = {
				BuildIndependentTargetsInParallel = 1;
				LastSwiftUpdateCheck = 1330;
				LastUpgradeCheck = 1640;
				TargetAttributes = {
					3B5AB53727F96F710059BB0A = {
						CreatedOnToolsVersion = 13.3;
					};
				};
			};
			buildConfigurationList = 3B5AB53327F96F710059BB0A /* Build configuration list for PBXProject "Minesweeper" */;
			developmentRegion = en;
			hasScannedForEncodings = 0;
			knownRegions = (
				en,
				Base,
			);
			mainGroup = 3B5AB52F27F96F710059BB0A;
			packageReferences = (
				3B9DF10728971939007CADA6 /* XCRemoteSwiftPackageReference "Sparkle" */,
				3BB04F022AA3F01A00893F21 /* XCRemoteSwiftPackageReference "Defaults" */,
				3BF1D9AE2BC0E5A70005200A /* XCRemoteSwiftPackageReference "swift-collections" */,
			);
			preferredProjectObjectVersion = 90;
			productRefGroup = 3B5AB53927F96F710059BB0A /* Products */;
			projectDirPath = "";
			projectRoot = "";
			targets = (
				3B5AB53727F96F710059BB0A /* Minesweeper */,
			);
		};
/* End PBXProject section */

/* Begin PBXResourcesBuildPhase section */
		3B5AB53627F96F710059BB0A /* Resources */ = {
			isa = PBXResourcesBuildPhase;
			files = (
				3B5AB54627F96F720059BB0A /* Assets.xcassets in Resources */,
				3BD95C782B8D99AA00D9BC3B /* Credits.rtf in Resources */,
				3B5AB54927F96F720059BB0A /* Main.storyboard in Resources */,
			);
		};
/* End PBXResourcesBuildPhase section */

/* Begin PBXSourcesBuildPhase section */
		3B5AB53427F96F710059BB0A /* Sources */ = {
			isa = PBXSourcesBuildPhase;
			files = (
				3B5AB55B27F9789C0059BB0A /* SpriteSheet.swift in Sources */,
				3B5B082A2E0B1F060067FAE5 /* Defaults.swift in Sources */,
				3B5AB54427F96F710059BB0A /* ViewController.swift in Sources */,
				3B5AB54227F96F710059BB0A /* GameScene.swift in Sources */,
				3BF1A7642856F7CB00566000 /* GameScene+Input.swift in Sources */,
				3B5AB55527F974AE0059BB0A /* Tile.swift in Sources */,
				3BF1A791285ED7CF00566000 /* BindingsViewController.swift in Sources */,
				3B9DF118289DBF0C007CADA6 /* StatsViewController.swift in Sources */,
				3B5B082D2E0B40EE0067FAE5 /* Notifications.swift in Sources */,
				3BF1A7CE2866AAD600566000 /* WindowController.swift in Sources */,
				3BF1A78E285ED7BE00566000 /* ThemesViewController.swift in Sources */,
				3BF1A78A285ED78F00566000 /* GeneralViewController.swift in Sources */,
				3B5AB55327F970D30059BB0A /* Board.swift in Sources */,
				3B48DBCD2AD2060D00E54243 /* ThemeCellView.swift in Sources */,
				3B6AB6A52C03FA4000297AA8 /* Stats.swift in Sources */,
				3B402A132E15B1D600EB9ACE /* CustomGameView.swift in Sources */,
				3B5B08282E0B18010067FAE5 /* ThemeManager.swift in Sources */,
				3B5AB53C27F96F710059BB0A /* AppDelegate.swift in Sources */,
				3B34CCBC2869FE3800B76AE6 /* Theme.swift in Sources */,
				3B5B1CB12E0729A600A84348 /* Borders.swift in Sources */,
				3B88CEA42800EEA8008C84E2 /* GameTimer.swift in Sources */,
				3B48305A2842C76F0060FCFD /* NumberDisplay.swift in Sources */,
				3B5B08262E0A362F0067FAE5 /* MainButton.swift in Sources */,
				3B88CEA628023695008C84E2 /* MineCounter.swift in Sources */,
			);
		};
/* End PBXSourcesBuildPhase section */

/* Begin PBXVariantGroup section */
		3B5AB54727F96F720059BB0A /* Main.storyboard */ = {
			isa = PBXVariantGroup;
			children = (
				3B5AB54827F96F720059BB0A /* Base */,
			);
			name = Main.storyboard;
			sourceTree = "<group>";
		};
/* End PBXVariantGroup section */

/* Begin XCBuildConfiguration section */
		3B5AB54B27F96F720059BB0A /* Debug configuration for PBXProject "Minesweeper" */ = {
			isa = XCBuildConfiguration;
			buildSettings = {
				ALWAYS_SEARCH_USER_PATHS = NO;
				CLANG_ANALYZER_NONNULL = YES;
				CLANG_ANALYZER_NUMBER_OBJECT_CONVERSION = YES_AGGRESSIVE;
				CLANG_CXX_LANGUAGE_STANDARD = "gnu++17";
				CLANG_ENABLE_MODULES = YES;
				CLANG_ENABLE_OBJC_ARC = YES;
				CLANG_ENABLE_OBJC_WEAK = YES;
				CLANG_WARN_BLOCK_CAPTURE_AUTORELEASING = YES;
				CLANG_WARN_BOOL_CONVERSION = YES;
				CLANG_WARN_COMMA = YES;
				CLANG_WARN_CONSTANT_CONVERSION = YES;
				CLANG_WARN_DEPRECATED_OBJC_IMPLEMENTATIONS = YES;
				CLANG_WARN_DIRECT_OBJC_ISA_USAGE = YES_ERROR;
				CLANG_WARN_DOCUMENTATION_COMMENTS = YES;
				CLANG_WARN_EMPTY_BODY = YES;
				CLANG_WARN_ENUM_CONVERSION = YES;
				CLANG_WARN_INFINITE_RECURSION = YES;
				CLANG_WARN_INT_CONVERSION = YES;
				CLANG_WARN_NON_LITERAL_NULL_CONVERSION = YES;
				CLANG_WARN_OBJC_IMPLICIT_RETAIN_SELF = YES;
				CLANG_WARN_OBJC_LITERAL_CONVERSION = YES;
				CLANG_WARN_OBJC_ROOT_CLASS = YES_ERROR;
				CLANG_WARN_QUOTED_INCLUDE_IN_FRAMEWORK_HEADER = YES;
				CLANG_WARN_RANGE_LOOP_ANALYSIS = YES;
				CLANG_WARN_STRICT_PROTOTYPES = YES;
				CLANG_WARN_SUSPICIOUS_MOVE = YES;
				CLANG_WARN_UNGUARDED_AVAILABILITY = YES_AGGRESSIVE;
				CLANG_WARN_UNREACHABLE_CODE = YES;
				CLANG_WARN__DUPLICATE_METHOD_MATCH = YES;
				COPY_PHASE_STRIP = NO;
				DEAD_CODE_STRIPPING = YES;
				DEBUG_INFORMATION_FORMAT = dwarf;
				DEVELOPMENT_TEAM = AUBXDCV2VL;
				ENABLE_STRICT_OBJC_MSGSEND = YES;
				ENABLE_TESTABILITY = YES;
				ENABLE_USER_SCRIPT_SANDBOXING = YES;
				GCC_C_LANGUAGE_STANDARD = gnu11;
				GCC_DYNAMIC_NO_PIC = NO;
				GCC_NO_COMMON_BLOCKS = YES;
				GCC_OPTIMIZATION_LEVEL = 0;
				GCC_PREPROCESSOR_DEFINITIONS = (
					"DEBUG=1",
					"$(inherited)",
				);
				GCC_WARN_64_TO_32_BIT_CONVERSION = YES;
				GCC_WARN_ABOUT_RETURN_TYPE = YES_ERROR;
				GCC_WARN_UNDECLARED_SELECTOR = YES;
				GCC_WARN_UNINITIALIZED_AUTOS = YES_AGGRESSIVE;
				GCC_WARN_UNUSED_FUNCTION = YES;
				GCC_WARN_UNUSED_VARIABLE = YES;
				MACOSX_DEPLOYMENT_TARGET = 12.0;
				MTL_ENABLE_DEBUG_INFO = INCLUDE_SOURCE;
				MTL_FAST_MATH = YES;
				ONLY_ACTIVE_ARCH = YES;
				SDKROOT = macosx;
				SWIFT_ACTIVE_COMPILATION_CONDITIONS = DEBUG;
				SWIFT_OPTIMIZATION_LEVEL = "-Onone";
			};
			name = Debug;
		};
		3B5AB54C27F96F720059BB0A /* Release configuration for PBXProject "Minesweeper" */ = {
			isa = XCBuildConfiguration;
			buildSettings = {
				ALWAYS_SEARCH_USER_PATHS = NO;
				CLANG_ANALYZER_NONNULL = YES;
				CLANG_ANALYZER_NUMBER_OBJECT_CONVERSION = YES_AGGRESSIVE;
				CLANG_CXX_LANGUAGE_STANDARD = "gnu++17";
				CLANG_ENABLE_MODULES = YES;
				CLANG_ENABLE_OBJC_ARC = YES;
				CLANG_ENABLE_OBJC_WEAK = YES;
				CLANG_WARN_BLOCK_CAPTURE_AUTORELEASING = YES;
				CLANG_WARN_BOOL_CONVERSION = YES;
				CLANG_WARN_COMMA = YES;
				CLANG_WARN_CONSTANT_CONVERSION = YES;
				CLANG_WARN_DEPRECATED_OBJC_IMPLEMENTATIONS = YES;
				CLANG_WARN_DIRECT_OBJC_ISA_USAGE = YES_ERROR;
				CLANG_WARN_DOCUMENTATION_COMMENTS = YES;
				CLANG_WARN_EMPTY_BODY = YES;
				CLANG_WARN_ENUM_CONVERSION = YES;
				CLANG_WARN_INFINITE_RECURSION = YES;
				CLANG_WARN_INT_CONVERSION = YES;
				CLANG_WARN_NON_LITERAL_NULL_CONVERSION = YES;
				CLANG_WARN_OBJC_IMPLICIT_RETAIN_SELF = YES;
				CLANG_WARN_OBJC_LITERAL_CONVERSION = YES;
				CLANG_WARN_OBJC_ROOT_CLASS = YES_ERROR;
				CLANG_WARN_QUOTED_INCLUDE_IN_FRAMEWORK_HEADER = YES;
				CLANG_WARN_RANGE_LOOP_ANALYSIS = YES;
				CLANG_WARN_STRICT_PROTOTYPES = YES;
				CLANG_WARN_SUSPICIOUS_MOVE = YES;
				CLANG_WARN_UNGUARDED_AVAILABILITY = YES_AGGRESSIVE;
				CLANG_WARN_UNREACHABLE_CODE = YES;
				CLANG_WARN__DUPLICATE_METHOD_MATCH = YES;
				COPY_PHASE_STRIP = NO;
				DEAD_CODE_STRIPPING = YES;
				DEBUG_INFORMATION_FORMAT = "dwarf-with-dsym";
				DEVELOPMENT_TEAM = AUBXDCV2VL;
				ENABLE_NS_ASSERTIONS = NO;
				ENABLE_STRICT_OBJC_MSGSEND = YES;
				ENABLE_USER_SCRIPT_SANDBOXING = YES;
				GCC_C_LANGUAGE_STANDARD = gnu11;
				GCC_NO_COMMON_BLOCKS = YES;
				GCC_WARN_64_TO_32_BIT_CONVERSION = YES;
				GCC_WARN_ABOUT_RETURN_TYPE = YES_ERROR;
				GCC_WARN_UNDECLARED_SELECTOR = YES;
				GCC_WARN_UNINITIALIZED_AUTOS = YES_AGGRESSIVE;
				GCC_WARN_UNUSED_FUNCTION = YES;
				GCC_WARN_UNUSED_VARIABLE = YES;
				MACOSX_DEPLOYMENT_TARGET = 12.0;
				MTL_ENABLE_DEBUG_INFO = NO;
				MTL_FAST_MATH = YES;
				SDKROOT = macosx;
				SWIFT_COMPILATION_MODE = wholemodule;
				SWIFT_OPTIMIZATION_LEVEL = "-O";
			};
			name = Release;
		};
		3B5AB54E27F96F720059BB0A /* Debug configuration for PBXNativeTarget "Minesweeper" */ = {
			isa = XCBuildConfiguration;
			buildSettings = {
				ASSETCATALOG_COMPILER_APPICON_NAME = AppIcon;
				ASSETCATALOG_COMPILER_GLOBAL_ACCENT_COLOR_NAME = AccentColor;
				ASSETCATALOG_COMPILER_INCLUDE_ALL_APPICON_ASSETS = NO;
				CODE_SIGN_ENTITLEMENTS = Minesweeper/Minesweeper.entitlements;
				CODE_SIGN_IDENTITY = "Apple Development";
				CODE_SIGN_STYLE = Automatic;
				COMBINE_HIDPI_IMAGES = YES;
				CURRENT_PROJECT_VERSION = 5;
				DEAD_CODE_STRIPPING = YES;
				ENABLE_HARDENED_RUNTIME = YES;
				GENERATE_INFOPLIST_FILE = YES;
				INFOPLIST_FILE = Minesweeper/Info.plist;
				INFOPLIST_KEY_LSApplicationCategoryType = "public.app-category.board-games";
				INFOPLIST_KEY_NSHumanReadableCopyright = "© 2025 Cameron Goddard";
				INFOPLIST_KEY_NSMainStoryboardFile = Main;
				INFOPLIST_KEY_NSPrincipalClass = NSApplication;
				LD_RUNPATH_SEARCH_PATHS = (
					"$(inherited)",
					"@executable_path/../Frameworks",
				);
				MACOSX_DEPLOYMENT_TARGET = 13.0;
				MARKETING_VERSION = 0.5.0;
				PRODUCT_BUNDLE_IDENTIFIER = com.camerongoddard.Minesweeper;
				PRODUCT_NAME = "$(TARGET_NAME)";
				PROVISIONING_PROFILE_SPECIFIER = "";
				SWIFT_EMIT_LOC_STRINGS = YES;
				SWIFT_VERSION = 5.0;
			};
			name = Debug;
		};
		3B5AB54F27F96F720059BB0A /* Release configuration for PBXNativeTarget "Minesweeper" */ = {
			isa = XCBuildConfiguration;
			buildSettings = {
				ASSETCATALOG_COMPILER_APPICON_NAME = AppIcon;
				ASSETCATALOG_COMPILER_GLOBAL_ACCENT_COLOR_NAME = AccentColor;
				ASSETCATALOG_COMPILER_INCLUDE_ALL_APPICON_ASSETS = NO;
				CODE_SIGN_ENTITLEMENTS = Minesweeper/Minesweeper.entitlements;
				CODE_SIGN_IDENTITY = "Apple Development";
				CODE_SIGN_STYLE = Automatic;
				COMBINE_HIDPI_IMAGES = YES;
				CURRENT_PROJECT_VERSION = 5;
				DEAD_CODE_STRIPPING = YES;
				ENABLE_HARDENED_RUNTIME = YES;
				GENERATE_INFOPLIST_FILE = YES;
				INFOPLIST_FILE = Minesweeper/Info.plist;
				INFOPLIST_KEY_LSApplicationCategoryType = "public.app-category.board-games";
				INFOPLIST_KEY_NSHumanReadableCopyright = "© 2025 Cameron Goddard";
				INFOPLIST_KEY_NSMainStoryboardFile = Main;
				INFOPLIST_KEY_NSPrincipalClass = NSApplication;
				LD_RUNPATH_SEARCH_PATHS = (
					"$(inherited)",
					"@executable_path/../Frameworks",
				);
				MACOSX_DEPLOYMENT_TARGET = 13.0;
				MARKETING_VERSION = 0.5.0;
				PRODUCT_BUNDLE_IDENTIFIER = com.camerongoddard.Minesweeper;
				PRODUCT_NAME = "$(TARGET_NAME)";
				SWIFT_EMIT_LOC_STRINGS = YES;
				SWIFT_VERSION = 5.0;
			};
			name = Release;
		};
/* End XCBuildConfiguration section */

/* Begin XCConfigurationList section */
		3B5AB53327F96F710059BB0A /* Build configuration list for PBXProject "Minesweeper" */ = {
			isa = XCConfigurationList;
			buildConfigurations = (
				3B5AB54B27F96F720059BB0A /* Debug configuration for PBXProject "Minesweeper" */,
				3B5AB54C27F96F720059BB0A /* Release configuration for PBXProject "Minesweeper" */,
			);
			defaultConfigurationName = Release;
		};
		3B5AB54D27F96F720059BB0A /* Build configuration list for PBXNativeTarget "Minesweeper" */ = {
			isa = XCConfigurationList;
			buildConfigurations = (
				3B5AB54E27F96F720059BB0A /* Debug configuration for PBXNativeTarget "Minesweeper" */,
				3B5AB54F27F96F720059BB0A /* Release configuration for PBXNativeTarget "Minesweeper" */,
			);
			defaultConfigurationName = Release;
		};
/* End XCConfigurationList section */

/* Begin XCRemoteSwiftPackageReference section */
		3B9DF10728971939007CADA6 /* XCRemoteSwiftPackageReference "Sparkle" */ = {
			isa = XCRemoteSwiftPackageReference;
			repositoryURL = "https://github.com/sparkle-project/Sparkle";
			requirement = {
				branch = 2.x;
				kind = branch;
			};
		};
		3BB04F022AA3F01A00893F21 /* XCRemoteSwiftPackageReference "Defaults" */ = {
			isa = XCRemoteSwiftPackageReference;
			repositoryURL = "https://github.com/sindresorhus/Defaults";
			requirement = {
				kind = exactVersion;
				version = 9.0.2;
			};
		};
		3BF1D9AE2BC0E5A70005200A /* XCRemoteSwiftPackageReference "swift-collections" */ = {
			isa = XCRemoteSwiftPackageReference;
			repositoryURL = "https://github.com/apple/swift-collections.git";
			requirement = {
				kind = upToNextMajorVersion;
				minimumVersion = 1.1.0;
			};
		};
/* End XCRemoteSwiftPackageReference section */

/* Begin XCSwiftPackageProductDependency section */
		3B9DF10828971939007CADA6 /* Sparkle */ = {
			isa = XCSwiftPackageProductDependency;
			package = 3B9DF10728971939007CADA6 /* XCRemoteSwiftPackageReference "Sparkle" */;
			productName = Sparkle;
		};
		3BB04F032AA3F01A00893F21 /* Defaults */ = {
			isa = XCSwiftPackageProductDependency;
			package = 3BB04F022AA3F01A00893F21 /* XCRemoteSwiftPackageReference "Defaults" */;
			productName = Defaults;
		};
		3BF1D9AF2BC0E5A70005200A /* Collections */ = {
			isa = XCSwiftPackageProductDependency;
			package = 3BF1D9AE2BC0E5A70005200A /* XCRemoteSwiftPackageReference "swift-collections" */;
			productName = Collections;
		};
/* End XCSwiftPackageProductDependency section */
	};
	rootObject = 3B5AB53027F96F710059BB0A /* Project object */;
}
